
Microsoft Visual Studio Solution File, Format Version 12.00
# Visual Studio Version 16
VisualStudioVersion = 16.0.31321.278
MinimumVisualStudioVersion = 10.0.40219.1
Project("{FAE04EC0-301F-11D3-BF4B-00C04F79EFBC}") = "CameraApplication", "CameraApplication\CameraApplication.csproj", "{68DEC57B-683B-42EE-A245-6CF55BF7EE9E}"
EndProject
Global
	GlobalSection(SolutionConfigurationPlatforms) = preSolution
		Debug|Any CPU = Debug|Any CPU
		Release|Any CPU = Release|Any CPU
	EndGlobalSection
	GlobalSection(ProjectConfigurationPlatforms) = postSolution
		{68DEC57B-683B-42EE-A245-6CF55BF7EE9E}.Debug|Any CPU.ActiveCfg = Debug|Any CPU
		{68DEC57B-683B-42EE-A245-6CF55BF7EE9E}.Debug|Any CPU.Build.0 = Debug|Any CPU
		{68DEC57B-683B-42EE-A245-6CF55BF7EE9E}.Release|Any CPU.ActiveCfg = Release|Any CPU
		{68DEC57B-683B-42EE-A245-6CF55BF7EE9E}.Release|Any CPU.Build.0 = Release|Any CPU
	EndGlobalSection
	GlobalSection(SolutionProperties) = preSolution
		HideSolutionNode = FALSE
	EndGlobalSection
	GlobalSection(ExtensibilityGlobals) = postSolution
		SolutionGuid = {3D37606A-2314-4A2C-8DAD-5BE934F6B1B3}
	EndGlobalSection
EndGlobal
